Microsoft Visual Studio Solution File, Format Version 12.00
# Visual Studio Version 17
VisualStudioVersion = 17.5.2.0
MinimumVisualStudioVersion = 10.0.40219.1
Project("{FAE04EC0-301F-11D3-BF4B-00C04F79EFBC}") = "Alonso", "Alonso.csproj", "{CAB069DA-FDC5-B21B-F215-A34A5C4B520D}"
EndProject
Global
	GlobalSection(SolutionConfigurationPlatforms) = preSolution
		Debug|Any CPU = Debug|Any CPU
		Release|Any CPU = Release|Any CPU
	EndGlobalSection
	GlobalSection(ProjectConfigurationPlatforms) = postSolution
		{CAB069DA-FDC5-B21B-F215-A34A5C4B520D}.Debug|Any CPU.ActiveCfg = Debug|Any CPU
		{CAB069DA-FDC5-B21B-F215-A34A5C4B520D}.Debug|Any CPU.Build.0 = Debug|Any CPU
		{CAB069DA-FDC5-B21B-F215-A34A5C4B520D}.Release|Any CPU.ActiveCfg = Release|Any CPU
		{CAB069DA-FDC5-B21B-F215-A34A5C4B520D}.Release|Any CPU.Build.0 = Release|Any CPU
	EndGlobalSection
	GlobalSection(SolutionProperties) = preSolution
		HideSolutionNode = FALSE
	EndGlobalSection
	GlobalSection(ExtensibilityGlobals) = postSolution
		SolutionGuid = {1275FB94-02B9-48B2-806C-D8353E06FF3D}
	EndGlobalSection
EndGlobal
